
Microsoft Visual Studio Solution File, Format Version 12.00
# Visual Studio Version 17
VisualStudioVersion = 17.8.34316.72
MinimumVisualStudioVersion = 10.0.40219.1
Project("{2150E333-8FDC-42A3-9474-1A3956D46DE8}") = "src", "src", "{2F26BFAE-2B7D-48F7-8056-FD58083CD395}"
EndProject
Project("{2150E333-8FDC-42A3-9474-1A3956D46DE8}") = "RentCarProject", "RentCarProject", "{A283031F-957A-4C76-8119-B15CAC06F0C5}"
EndProject
Project("{FAE04EC0-301F-11D3-BF4B-00C04F79EFBC}") = "RentCarProject.Api", "RentCarProject.Api\RentCarProject.Api.csproj", "{FA1D6F4A-2C53-4D01-9ACF-D06C9E7195C8}"
EndProject
Project("{FAE04EC0-301F-11D3-BF4B-00C04F79EFBC}") = "RentCarProject.Domain", "RentCarProject.Domain\RentCarProject.Domain.csproj", "{146FADBF-1C42-4D02-8FBB-BEBD7A5A1C31}"
EndProject
Project("{FAE04EC0-301F-11D3-BF4B-00C04F79EFBC}") = "RentCarProject-Application", "RentCarProject-Application\RentCarProject-Application.csproj", "{7393D285-71C6-4CCB-93A1-F5F3F48C4C7D}"
EndProject
Project("{FAE04EC0-301F-11D3-BF4B-00C04F79EFBC}") = "RentCarProject.Services", "RentCarProject.Services\RentCarProject.Services.csproj", "{B6C9A8A7-5D43-4281-A50D-D5B82F41ACCE}"
EndProject
Global
	GlobalSection(SolutionConfigurationPlatforms) = preSolution
		Debug|Any CPU = Debug|Any CPU
		Release|Any CPU = Release|Any CPU
	EndGlobalSection
	GlobalSection(ProjectConfigurationPlatforms) = postSolution
		{FA1D6F4A-2C53-4D01-9ACF-D06C9E7195C8}.Debug|Any CPU.ActiveCfg = Debug|Any CPU
		{FA1D6F4A-2C53-4D01-9ACF-D06C9E7195C8}.Debug|Any CPU.Build.0 = Debug|Any CPU
		{FA1D6F4A-2C53-4D01-9ACF-D06C9E7195C8}.Release|Any CPU.ActiveCfg = Release|Any CPU
		{FA1D6F4A-2C53-4D01-9ACF-D06C9E7195C8}.Release|Any CPU.Build.0 = Release|Any CPU
		{146FADBF-1C42-4D02-8FBB-BEBD7A5A1C31}.Debug|Any CPU.ActiveCfg = Debug|Any CPU
		{146FADBF-1C42-4D02-8FBB-BEBD7A5A1C31}.Debug|Any CPU.Build.0 = Debug|Any CPU
		{146FADBF-1C42-4D02-8FBB-BEBD7A5A1C31}.Release|Any CPU.ActiveCfg = Release|Any CPU
		{146FADBF-1C42-4D02-8FBB-BEBD7A5A1C31}.Release|Any CPU.Build.0 = Release|Any CPU
		{7393D285-71C6-4CCB-93A1-F5F3F48C4C7D}.Debug|Any CPU.ActiveCfg = Debug|Any CPU
		{7393D285-71C6-4CCB-93A1-F5F3F48C4C7D}.Debug|Any CPU.Build.0 = Debug|Any CPU
		{7393D285-71C6-4CCB-93A1-F5F3F48C4C7D}.Release|Any CPU.ActiveCfg = Release|Any CPU
		{7393D285-71C6-4CCB-93A1-F5F3F48C4C7D}.Release|Any CPU.Build.0 = Release|Any CPU
		{B6C9A8A7-5D43-4281-A50D-D5B82F41ACCE}.Debug|Any CPU.ActiveCfg = Debug|Any CPU
		{B6C9A8A7-5D43-4281-A50D-D5B82F41ACCE}.Debug|Any CPU.Build.0 = Debug|Any CPU
		{B6C9A8A7-5D43-4281-A50D-D5B82F41ACCE}.Release|Any CPU.ActiveCfg = Release|Any CPU
		{B6C9A8A7-5D43-4281-A50D-D5B82F41ACCE}.Release|Any CPU.Build.0 = Release|Any CPU
	EndGlobalSection
	GlobalSection(SolutionProperties) = preSolution
		HideSolutionNode = FALSE
	EndGlobalSection
	GlobalSection(NestedProjects) = preSolution
		{A283031F-957A-4C76-8119-B15CAC06F0C5} = {2F26BFAE-2B7D-48F7-8056-FD58083CD395}
		{FA1D6F4A-2C53-4D01-9ACF-D06C9E7195C8} = {A283031F-957A-4C76-8119-B15CAC06F0C5}
		{146FADBF-1C42-4D02-8FBB-BEBD7A5A1C31} = {A283031F-957A-4C76-8119-B15CAC06F0C5}
		{7393D285-71C6-4CCB-93A1-F5F3F48C4C7D} = {A283031F-957A-4C76-8119-B15CAC06F0C5}
		{B6C9A8A7-5D43-4281-A50D-D5B82F41ACCE} = {A283031F-957A-4C76-8119-B15CAC06F0C5}
	EndGlobalSection
	GlobalSection(ExtensibilityGlobals) = postSolution
		SolutionGuid = {516041AC-1362-4D2A-838B-942EEF125D83}
	EndGlobalSection
EndGlobal
